
Microsoft Visual Studio Solution File, Format Version 12.00
# Visual Studio 15
VisualStudioVersion = 15.0.28307.102
MinimumVisualStudioVersion = 10.0.40219.1
Project("{FAE04EC0-301F-11D3-BF4B-00C04F79EFBC}") = "ACM.BL", "ACM.BL\ACM.BL.csproj", "{560CBCD7-9FC0-497E-A45B-399B9A58378E}"
EndProject
Project("{2150E333-8FDC-42A3-9474-1A3956D46DE8}") = "Tests", "Tests", "{393B8D32-9B4D-4726-9940-F2C5465DBDB9}"
EndProject
Project("{FAE04EC0-301F-11D3-BF4B-00C04F79EFBC}") = "ACM.BLTest", "ACM.BLTest\ACM.BLTest.csproj", "{324C7164-8069-44F2-AF3C-3C8236367DCD}"
EndProject
Global
	GlobalSection(SolutionConfigurationPlatforms) = preSolution
		Debug|Any CPU = Debug|Any CPU
		Release|Any CPU = Release|Any CPU
	EndGlobalSection
	GlobalSection(ProjectConfigurationPlatforms) = postSolution
		{560CBCD7-9FC0-497E-A45B-399B9A58378E}.Debug|Any CPU.ActiveCfg = Debug|Any CPU
		{560CBCD7-9FC0-497E-A45B-399B9A58378E}.Debug|Any CPU.Build.0 = Debug|Any CPU
		{560CBCD7-9FC0-497E-A45B-399B9A58378E}.Release|Any CPU.ActiveCfg = Release|Any CPU
		{560CBCD7-9FC0-497E-A45B-399B9A58378E}.Release|Any CPU.Build.0 = Release|Any CPU
		{324C7164-8069-44F2-AF3C-3C8236367DCD}.Debug|Any CPU.ActiveCfg = Debug|Any CPU
		{324C7164-8069-44F2-AF3C-3C8236367DCD}.Debug|Any CPU.Build.0 = Debug|Any CPU
		{324C7164-8069-44F2-AF3C-3C8236367DCD}.Release|Any CPU.ActiveCfg = Release|Any CPU
		{324C7164-8069-44F2-AF3C-3C8236367DCD}.Release|Any CPU.Build.0 = Release|Any CPU
	EndGlobalSection
	GlobalSection(SolutionProperties) = preSolution
		HideSolutionNode = FALSE
	EndGlobalSection
	GlobalSection(NestedProjects) = preSolution
		{324C7164-8069-44F2-AF3C-3C8236367DCD} = {393B8D32-9B4D-4726-9940-F2C5465DBDB9}
	EndGlobalSection
	GlobalSection(ExtensibilityGlobals) = postSolution
		SolutionGuid = {226FD3DB-40F0-4EA8-B912-C25642A45EB4}
	EndGlobalSection
EndGlobal
